{
    "name": "draw-visualizer",
    "version": "1.0.0",
    "lockfileVersion": 3,
    "requires": true,
    "packages": {
        "": {
            "name": "draw-visualizer",
            "version": "1.0.0",
            "license": "UNLICENSED",
            "dependencies": {
                "@quenty/basicpane": "^13.3.0",
                "@quenty/blend": "^12.3.0",
                "@quenty/brio": "^14.3.0",
                "@quenty/buttonhighlightmodel": "^14.3.0",
                "@quenty/color3utils": "^11.3.0",
                "@quenty/fzy": "^5.3.0",
                "@quenty/instanceutils": "^13.3.0",
                "@quenty/loader": "^10.3.0",
                "@quenty/maid": "^3.2.0",
                "@quenty/math": "^2.7.0",
                "@quenty/observablecollection": "^12.3.0",
                "@quenty/roblox-api-dump": "^8.3.0",
                "@quenty/servicebag": "^11.4.0",
                "@quenty/signal": "^7.3.0",
                "@quenty/spring": "^10.3.0",
                "@quenty/steputils": "^3.4.0",
                "@quenty/table": "^3.5.0",
                "@quenty/uiobjectutils": "^6.3.0"
            }
        },
        "node_modules/@quenty/acceltween": {
            "version": "2.4.0",
            "resolved": "https://registry.npmjs.org/@quenty/acceltween/-/acceltween-2.4.0.tgz",
            "integrity": "sha512-6no3Hq5ZnRmFLf/UYwiRrq8uyNLeaIlE0dg8zcJ4A5oqCp/vTxsIXhc+RWEme51K6GeaFWsCvLFNGzQX0zFaMg==",
            "funding": {
                "type": "patreon",
                "url": "https://www.patreon.com/quenty"
            }
        },
        "node_modules/@quenty/baseobject": {
            "version": "10.3.0",
            "resolved": "https://registry.npmjs.org/@quenty/baseobject/-/baseobject-10.3.0.tgz",
            "integrity": "sha512-0808c/MqDkT4Brj0sAqPAc281pFa6mP1U5Om+ZoyFjGm869H2SLsY2CzGyBC7y5NzUh9WvjsDUDv9b1yE0Io7g==",
            "dependencies": {
                "@quenty/loader": "^10.3.0",
                "@quenty/maid": "^3.2.0"
            },
            "funding": {
                "type": "patreon",
                "url": "https://www.patreon.com/quenty"
            }
        },
        "node_modules/@quenty/basicpane": {
            "version": "13.3.0",
            "resolved": "https://registry.npmjs.org/@quenty/basicpane/-/basicpane-13.3.0.tgz",
            "integrity": "sha512-pa6MqCCbUvqBPMY9NG5kXP9UmIpqFhIZw02irFD6lekKmB3Xa3Hav5HpCqOxyQ9YxcWk4kJ9qRf2rFU89Ni5UA==",
            "dependencies": {
                "@quenty/brio": "^14.3.0",
                "@quenty/ducktype": "^5.3.0",
                "@quenty/loader": "^10.3.0",
                "@quenty/maid": "^3.2.0",
                "@quenty/rx": "^13.3.0",
                "@quenty/signal": "^7.3.0",
                "@quenty/valueobject": "^13.3.0"
            },
            "funding": {
                "type": "patreon",
                "url": "https://www.patreon.com/quenty"
            }
        },
        "node_modules/@quenty/blend": {
            "version": "12.3.0",
            "resolved": "https://registry.npmjs.org/@quenty/blend/-/blend-12.3.0.tgz",
            "integrity": "sha512-mZLB43hT01HQkvNYGegVOT5Ewy0Z8CQo4OQIP4i6IBITWWQLfjJ1ejnNthg0YotapOY35AHFqSoLMlaF78R1QQ==",
            "dependencies": {
                "@quenty/acceltween": "^2.4.0",
                "@quenty/brio": "^14.3.0",
                "@quenty/ducktype": "^5.3.0",
                "@quenty/instanceutils": "^13.3.0",
                "@quenty/loader": "^10.3.0",
                "@quenty/maid": "^3.2.0",
                "@quenty/promise": "^10.3.0",
                "@quenty/rx": "^13.3.0",
                "@quenty/signal": "^7.3.0",
                "@quenty/spring": "^10.3.0",
                "@quenty/steputils": "^3.4.0",
                "@quenty/string": "^3.2.0",
                "@quenty/valuebaseutils": "^13.3.0",
                "@quenty/valueobject": "^13.3.0"
            },
            "funding": {
                "type": "patreon",
                "url": "https://www.patreon.com/quenty"
            }
        },
        "node_modules/@quenty/brio": {
            "version": "14.3.0",
            "resolved": "https://registry.npmjs.org/@quenty/brio/-/brio-14.3.0.tgz",
            "integrity": "sha512-WX7ygKyE5NEunAZVYFhGhcbyrHrOxXyYVw1cTH5zYsZ5i8EmLhq2/pARekdrLAo3arNmEuZxBHwsRaSNXExiRQ==",
            "dependencies": {
                "@quenty/loader": "^10.3.0",
                "@quenty/maid": "^3.2.0",
                "@quenty/rx": "^13.3.0",
                "@quenty/signal": "^7.3.0",
                "@quenty/steputils": "^3.4.0"
            },
            "funding": {
                "type": "patreon",
                "url": "https://www.patreon.com/quenty"
            }
        },
        "node_modules/@quenty/buttonhighlightmodel": {
            "version": "14.3.0",
            "resolved": "https://registry.npmjs.org/@quenty/buttonhighlightmodel/-/buttonhighlightmodel-14.3.0.tgz",
            "integrity": "sha512-GK7kt8yAiNcqGiWkhFuMke1bbX2VJSIkjuPp1y5W7rYPVLp82zvz3oCCdpKgZ4Ud5jA6uZ/M78CvQLa2a4s9pA==",
            "dependencies": {
                "@quenty/acceltween": "^2.4.0",
                "@quenty/baseobject": "^10.3.0",
                "@quenty/blend": "^12.3.0",
                "@quenty/loader": "^10.3.0",
                "@quenty/maid": "^3.2.0",
                "@quenty/rx": "^13.3.0",
                "@quenty/steputils": "^3.4.0",
                "@quenty/valueobject": "^13.3.0"
            },
            "funding": {
                "type": "patreon",
                "url": "https://www.patreon.com/quenty"
            }
        },
        "node_modules/@quenty/cancellabledelay": {
            "version": "3.5.0",
            "resolved": "https://registry.npmjs.org/@quenty/cancellabledelay/-/cancellabledelay-3.5.0.tgz",
            "integrity": "sha512-26PI4w2sAv2kBkMQOBbWvoBdkuDRnZjV39tVm6RD53zzhEdK08WMYwv5VIpBqdAH/Mv8pLkmDusueu+LM7MqLA==",
            "funding": {
                "type": "patreon",
                "url": "https://www.patreon.com/quenty"
            }
        },
        "node_modules/@quenty/canceltoken": {
            "version": "11.3.0",
            "resolved": "https://registry.npmjs.org/@quenty/canceltoken/-/canceltoken-11.3.0.tgz",
            "integrity": "sha512-oH9IjCdfqVojplHubEn7dlIsvVtyL4bqu/wltC90jk6JrjibqtbbHYtKTnsJNL967zCUfqp44w87apaHA7MlwQ==",
            "dependencies": {
                "@quenty/ducktype": "^5.3.0",
                "@quenty/loader": "^10.3.0",
                "@quenty/maid": "^3.2.0",
                "@quenty/promise": "^10.3.0",
                "@quenty/signal": "^7.3.0"
            },
            "funding": {
                "type": "patreon",
                "url": "https://www.patreon.com/quenty"
            }
        },
        "node_modules/@quenty/color3utils": {
            "version": "11.3.0",
            "resolved": "https://registry.npmjs.org/@quenty/color3utils/-/color3utils-11.3.0.tgz",
            "integrity": "sha512-motsE0Ta06BAm6UjZM9qI2PXNz+k5BDv4eDdJGfitga9APXQrTkB93GfQni2Ss8NSPwRqeCPAOU/A5leRCw3CA==",
            "dependencies": {
                "@quenty/blend": "^12.3.0",
                "@quenty/loader": "^10.3.0",
                "@quenty/maid": "^3.2.0",
                "@quenty/math": "^2.7.0",
                "@quenty/rx": "^13.3.0",
                "@quenty/valueobject": "^13.3.0"
            },
            "funding": {
                "type": "patreon",
                "url": "https://www.patreon.com/quenty"
            }
        },
        "node_modules/@quenty/deferred": {
            "version": "2.2.0",
            "resolved": "https://registry.npmjs.org/@quenty/deferred/-/deferred-2.2.0.tgz",
            "integrity": "sha512-obZgxC0o+cuMGPj19UUjcKnrll+XYffpPPe5LwHGjsYos1LVD0WD1+NXmc2qh5/VDAZ3GZBH8ghBpdPcsz58uA==",
            "funding": {
                "type": "patreon",
                "url": "https://www.patreon.com/quenty"
            }
        },
        "node_modules/@quenty/ducktype": {
            "version": "5.3.0",
            "resolved": "https://registry.npmjs.org/@quenty/ducktype/-/ducktype-5.3.0.tgz",
            "integrity": "sha512-C/93jTJ1PanL0sIMs0JJChiQ/Z8o2fr/194ynNYx8Ri/VAdQqJEnJa35XKrQOn0FfF4LTMByY/jzy+JISqjC5A==",
            "dependencies": {
                "@quenty/loader": "^10.3.0"
            },
            "funding": {
                "type": "patreon",
                "url": "https://www.patreon.com/quenty"
            }
        },
        "node_modules/@quenty/enumutils": {
            "version": "3.2.0",
            "resolved": "https://registry.npmjs.org/@quenty/enumutils/-/enumutils-3.2.0.tgz",
            "integrity": "sha512-GKMj6obx77eRKjO7WZlVKVboXMo8AUVmf89NYMWdabq2+Q4tIgYibihGxu7OgEBUbWjRRuv505262gzweto0Mw==",
            "funding": {
                "type": "patreon",
                "url": "https://www.patreon.com/quenty"
            }
        },
        "node_modules/@quenty/fzy": {
            "version": "5.3.0",
            "resolved": "https://registry.npmjs.org/@quenty/fzy/-/fzy-5.3.0.tgz",
            "integrity": "sha512-x0MIo8IUTpr+LpreoOzAHJfMNw7qDehq5nqiwc0DsveuJ4hBlUt+V/de7V/G9lbQCLDjuTd0Ch1Cb+gtwXMcVA==",
            "dependencies": {
                "@quenty/loader": "^10.3.0"
            }
        },
        "node_modules/@quenty/httppromise": {
            "version": "10.3.0",
            "resolved": "https://registry.npmjs.org/@quenty/httppromise/-/httppromise-10.3.0.tgz",
            "integrity": "sha512-GZm9h39CbfPY/2sbkA6jKG6yE2eE/70i5BQaJ4Yp9141PXR1YARGejiAHqS3MFfm2bx679fhSOaaMdalNiFepg==",
            "dependencies": {
                "@quenty/loader": "^10.3.0",
                "@quenty/promise": "^10.3.0"
            },
            "funding": {
                "type": "patreon",
                "url": "https://www.patreon.com/quenty"
            }
        },
        "node_modules/@quenty/instanceutils": {
            "version": "13.3.0",
            "resolved": "https://registry.npmjs.org/@quenty/instanceutils/-/instanceutils-13.3.0.tgz",
            "integrity": "sha512-m39mcw1LRoQgcp5kpRDcIaZyGvxcwNDHdHSKYsSRx0MOE7A1u/5xWp60mVoCkx0xykRQOUk+LlNies4GBJPFwA==",
            "dependencies": {
                "@quenty/brio": "^14.3.0",
                "@quenty/loader": "^10.3.0",
                "@quenty/maid": "^3.2.0",
                "@quenty/rx": "^13.3.0",
                "@quenty/symbol": "^3.1.0"
            },
            "funding": {
                "type": "patreon",
                "url": "https://www.patreon.com/quenty"
            }
        },
        "node_modules/@quenty/loader": {
            "version": "10.3.0",
            "resolved": "https://registry.npmjs.org/@quenty/loader/-/loader-10.3.0.tgz",
            "integrity": "sha512-FhcHbBCkG21CsxpuZBc9yHlzFzWUTeQWeT7OVokIypjCCzHTmLGF/Yd9tliwGAHR+MdsKprZ0RlETc/RvxlC2w==",
            "funding": {
                "type": "patreon",
                "url": "https://www.patreon.com/quenty"
            }
        },
        "node_modules/@quenty/maid": {
            "version": "3.2.0",
            "resolved": "https://registry.npmjs.org/@quenty/maid/-/maid-3.2.0.tgz",
            "integrity": "sha512-RL+USIQk4IZcuNiQ7Xp38tFyZ1r+UCXq6ivt354UCRypd556uam2gm1DFEeqUtCNr1crtCTqxKjYm3NZ0q/vbA==",
            "funding": {
                "type": "patreon",
                "url": "https://www.patreon.com/quenty"
            }
        },
        "node_modules/@quenty/math": {
            "version": "2.7.0",
            "resolved": "https://registry.npmjs.org/@quenty/math/-/math-2.7.0.tgz",
            "integrity": "sha512-Iaq3wdrnvwbFyJp7cQ51NoOAoNEJyFmZgEiSgEg/CO1B/6eVi4js8wP6rXWzNsu1hYEPFH8W6wLJ/98WtJiA8g==",
            "funding": {
                "type": "patreon",
                "url": "https://www.patreon.com/quenty"
            }
        },
        "node_modules/@quenty/observablecollection": {
            "version": "12.3.0",
            "resolved": "https://registry.npmjs.org/@quenty/observablecollection/-/observablecollection-12.3.0.tgz",
            "integrity": "sha512-qk82zG/hI50cnKdbu6t+85eN53MWFWOLP4dTQJjBvX9auaHvPJB80Z54cU85YeWnKbgglDho7cY6AishXpgjCw==",
            "dependencies": {
                "@quenty/baseobject": "^10.3.0",
                "@quenty/brio": "^14.3.0",
                "@quenty/ducktype": "^5.3.0",
                "@quenty/loader": "^10.3.0",
                "@quenty/maid": "^3.2.0",
                "@quenty/promise": "^10.3.0",
                "@quenty/rx": "^13.3.0",
                "@quenty/signal": "^7.3.0",
                "@quenty/steputils": "^3.4.0",
                "@quenty/symbol": "^3.1.0",
                "@quenty/valueobject": "^13.3.0"
            },
            "funding": {
                "type": "patreon",
                "url": "https://www.patreon.com/quenty"
            }
        },
        "node_modules/@quenty/promise": {
            "version": "10.3.0",
            "resolved": "https://registry.npmjs.org/@quenty/promise/-/promise-10.3.0.tgz",
            "integrity": "sha512-5Mhw/HLKXiSzNV25fcIc7wp/bb4bFK7wbsGp23ar/QhGNYSSaKEpsL2TyUFOwb0NaQP+AQKeAFcjmnca5Oih2g==",
            "dependencies": {
                "@quenty/deferred": "^2.2.0",
                "@quenty/loader": "^10.3.0",
                "@quenty/maid": "^3.2.0"
            },
            "funding": {
                "type": "patreon",
                "url": "https://www.patreon.com/quenty"
            }
        },
        "node_modules/@quenty/roblox-api-dump": {
            "version": "8.3.0",
            "resolved": "https://registry.npmjs.org/@quenty/roblox-api-dump/-/roblox-api-dump-8.3.0.tgz",
            "integrity": "sha512-NX2nMGWuKC1kOErMF/brlBt8cbMQdwhSvO/ycdQ3tGavd1MHkLlQi7bZk0m9e4EobxN31t8L2a7HT/JLRWd1xg==",
            "dependencies": {
                "@quenty/baseobject": "^10.3.0",
                "@quenty/httppromise": "^10.3.0",
                "@quenty/loader": "^10.3.0",
                "@quenty/promise": "^10.3.0",
                "@quenty/table": "^3.5.0"
            },
            "funding": {
                "type": "patreon",
                "url": "https://www.patreon.com/quenty"
            }
        },
        "node_modules/@quenty/rx": {
            "version": "13.3.0",
            "resolved": "https://registry.npmjs.org/@quenty/rx/-/rx-13.3.0.tgz",
            "integrity": "sha512-k12oG75ThG1gXBVBrM+eMcuFiW/otrvh0Eow9EugQkWwS+ChXNW6E16TLt3ypfSPxWFXvRdm/TL847VqggWiXA==",
            "dependencies": {
                "@quenty/cancellabledelay": "^3.5.0",
                "@quenty/canceltoken": "^11.3.0",
                "@quenty/ducktype": "^5.3.0",
                "@quenty/loader": "^10.3.0",
                "@quenty/maid": "^3.2.0",
                "@quenty/promise": "^10.3.0",
                "@quenty/signal": "^7.3.0",
                "@quenty/symbol": "^3.1.0",
                "@quenty/table": "^3.5.0",
                "@quenty/throttle": "^10.3.0"
            },
            "funding": {
                "type": "patreon",
                "url": "https://www.patreon.com/quenty"
            }
        },
        "node_modules/@quenty/rxsignal": {
            "version": "7.3.0",
            "resolved": "https://registry.npmjs.org/@quenty/rxsignal/-/rxsignal-7.3.0.tgz",
            "integrity": "sha512-cXjXECzY4Wvy/wlKjxpEPBLifV65wlfZjb9+YJyCm3tcZrZccklriS4J1+3hjPPcVqNQvMAhKOuCHq0YaNvJ5A==",
            "dependencies": {
                "@quenty/loader": "^10.3.0",
                "@quenty/rx": "^13.3.0"
            },
            "funding": {
                "type": "patreon",
                "url": "https://www.patreon.com/quenty"
            }
        },
        "node_modules/@quenty/servicebag": {
            "version": "11.4.0",
            "resolved": "https://registry.npmjs.org/@quenty/servicebag/-/servicebag-11.4.0.tgz",
            "integrity": "sha512-tgKTF8SwWUOdlp9Omz7ziCbVdDNyQ1l1TLFpv5uZJMnxH8Gaq7BUnBAR7avmOzFRgy8v4ZQGUh4Ur3YDbTAHHA==",
            "dependencies": {
                "@quenty/baseobject": "^10.3.0",
                "@quenty/loader": "^10.3.0",
                "@quenty/signal": "^7.3.0"
            },
            "funding": {
                "type": "patreon",
                "url": "https://www.patreon.com/quenty"
            }
        },
        "node_modules/@quenty/signal": {
            "version": "7.3.0",
            "resolved": "https://registry.npmjs.org/@quenty/signal/-/signal-7.3.0.tgz",
            "integrity": "sha512-wP3Os/i0tNv6y+8d1qWXnjZYUDpLHVsJAFD05WbwkKIPGbZVmUPmNCQX9u4EPC7tcrb6X2mjiUrgWSQXxxN//w==",
            "dependencies": {
                "@quenty/loader": "^10.3.0"
            },
            "funding": {
                "type": "patreon",
                "url": "https://www.patreon.com/quenty"
            }
        },
        "node_modules/@quenty/spring": {
            "version": "10.3.0",
            "resolved": "https://registry.npmjs.org/@quenty/spring/-/spring-10.3.0.tgz",
            "integrity": "sha512-JlnCbQ09l+7/ipPdwCNaeHXTPSeJENEQX7mjZxGAJF/mZkl5D6b6DtfXKc2FxItcLHIwhOKrwARtfflWD8Q5nw==",
            "dependencies": {
                "@quenty/ducktype": "^5.3.0",
                "@quenty/loader": "^10.3.0"
            },
            "funding": {
                "type": "patreon",
                "url": "https://www.patreon.com/quenty"
            }
        },
        "node_modules/@quenty/steputils": {
            "version": "3.4.0",
            "resolved": "https://registry.npmjs.org/@quenty/steputils/-/steputils-3.4.0.tgz",
            "integrity": "sha512-Qm/7tSrxelrutzZDpH/sXD2JBu1xdXUprQC9pvNHeJC6KxspbYoxbHYezTMg5uyVmsxb3SDWbv5zPLKiQwz8mw==",
            "funding": {
                "type": "patreon",
                "url": "https://www.patreon.com/quenty"
            }
        },
        "node_modules/@quenty/string": {
            "version": "3.2.0",
            "resolved": "https://registry.npmjs.org/@quenty/string/-/string-3.2.0.tgz",
            "integrity": "sha512-aNVSPQC0gEN9/1GCr/M30Q9tIGata17oRoFivV88YnKgZnsPh2GZ1VU+zNBGUyCF5f70051fg3A3ZvDjIeRUfw==",
            "funding": {
                "type": "patreon",
                "url": "https://www.patreon.com/quenty"
            }
        },
        "node_modules/@quenty/symbol": {
            "version": "3.1.0",
            "resolved": "https://registry.npmjs.org/@quenty/symbol/-/symbol-3.1.0.tgz",
            "integrity": "sha512-yxC7C/2bc/uYEhtwblQEzAJFEB+PMLD8SOSdcyirfCTJMnlaiV3dvwjDEqXK5KmISJN6tk+LwQcQyByffi9e5Q==",
            "funding": {
                "type": "patreon",
                "url": "https://www.patreon.com/quenty"
            }
        },
        "node_modules/@quenty/table": {
            "version": "3.5.0",
            "resolved": "https://registry.npmjs.org/@quenty/table/-/table-3.5.0.tgz",
            "integrity": "sha512-x1zQb7VGZrvt9AwcsYJeIpkgq3Op7Xjju4qpSK78sqnx0V5UW6kurV2lOG72Xfb82UqMV8zzSmUK6rRIQF0iZQ==",
            "funding": {
                "type": "patreon",
                "url": "https://www.patreon.com/quenty"
            }
        },
        "node_modules/@quenty/throttle": {
            "version": "10.3.0",
            "resolved": "https://registry.npmjs.org/@quenty/throttle/-/throttle-10.3.0.tgz",
            "integrity": "sha512-A4wmOI1SFBHy2jBzdhC4W6S39k7MFGZATTadhKRh4I2GvjyvS6W/3JMIZYpb/J/trXhRNmwJYndRjf9YnHyGTA==",
            "dependencies": {
                "@quenty/loader": "^10.3.0"
            },
            "funding": {
                "type": "patreon",
                "url": "https://www.patreon.com/quenty"
            }
        },
        "node_modules/@quenty/uiobjectutils": {
            "version": "6.3.0",
            "resolved": "https://registry.npmjs.org/@quenty/uiobjectutils/-/uiobjectutils-6.3.0.tgz",
            "integrity": "sha512-WWUyv3hKsmqyLyVvv35xG9YjFYUhMMFTXbYBI89N2OWZfOvE7Gt0QQrm2nWwfK6oJrAh5v2GnXE2pGLLFc73Ng==",
            "dependencies": {
                "@quenty/enumutils": "^3.2.0",
                "@quenty/loader": "^10.3.0"
            },
            "funding": {
                "type": "patreon",
                "url": "https://www.patreon.com/quenty"
            }
        },
        "node_modules/@quenty/valuebaseutils": {
            "version": "13.3.0",
            "resolved": "https://registry.npmjs.org/@quenty/valuebaseutils/-/valuebaseutils-13.3.0.tgz",
            "integrity": "sha512-uBS6cZYHhPwLBvRGTV53FrGf14jxyG4nozEzRJ2P++WeMKaY1pJ57V4nHEEPMjEJwalmwH8SkgKAjsDTQr+/Ug==",
            "dependencies": {
                "@quenty/brio": "^14.3.0",
                "@quenty/instanceutils": "^13.3.0",
                "@quenty/loader": "^10.3.0",
                "@quenty/promise": "^10.3.0",
                "@quenty/rx": "^13.3.0",
                "@quenty/rxsignal": "^7.3.0"
            },
            "funding": {
                "type": "patreon",
                "url": "https://www.patreon.com/quenty"
            }
        },
        "node_modules/@quenty/valueobject": {
            "version": "13.3.0",
            "resolved": "https://registry.npmjs.org/@quenty/valueobject/-/valueobject-13.3.0.tgz",
            "integrity": "sha512-KaCr97SaZalBaCiHhFUy63ud9vEc2Tx5GUZwg2Yt3afKPDOqRltTMNMGADnzQLM2HEnmwTk/oFmkFAzWSWW4UA==",
            "dependencies": {
                "@quenty/brio": "^14.3.0",
                "@quenty/ducktype": "^5.3.0",
                "@quenty/loader": "^10.3.0",
                "@quenty/maid": "^3.2.0",
                "@quenty/rx": "^13.3.0",
                "@quenty/signal": "^7.3.0",
                "@quenty/valuebaseutils": "^13.3.0"
            },
            "funding": {
                "type": "patreon",
                "url": "https://www.patreon.com/quenty"
            }
        }
    }
}
