{
    "name": "draw-visualizer",
    "version": "1.0.0",
    "lockfileVersion": 2,
    "requires": true,
    "packages": {
        "": {
            "name": "draw-visualizer",
            "version": "1.0.0",
            "license": "UNLICENSED",
            "dependencies": {
                "@quenty/basicpane": "^6.1.0",
                "@quenty/blend": "^5.1.0",
                "@quenty/buttonhighlightmodel": "^6.1.0",
                "@quenty/instanceutils": "^6.1.0",
                "@quenty/loader": "^5.0.1",
                "@quenty/maid": "^2.4.0",
                "@quenty/math": "^2.2.0",
                "@quenty/signal": "^2.3.0",
                "@quenty/spring": "^5.0.1",
                "@quenty/steputils": "^3.1.0",
                "@quenty/table": "^3.1.0",
                "@quenty/uiobjectutils": "^2.1.0"
            }
        },
        "node_modules/@quenty/acceltween": {
            "version": "2.2.1",
            "resolved": "https://registry.npmjs.org/@quenty/acceltween/-/acceltween-2.2.1.tgz",
            "integrity": "sha512-6D9ga9q5XQvx05sPppooHnWuhj9nEp4dWcVPE5bST3iqFi4sDSfCg5Ya00Yvuv+69yu7c7uK08f7Z8yksYbr9A==",
            "funding": {
                "type": "patreon",
                "url": "https://www.patreon.com/quenty"
            }
        },
        "node_modules/@quenty/baseobject": {
            "version": "5.1.1",
            "resolved": "https://registry.npmjs.org/@quenty/baseobject/-/baseobject-5.1.1.tgz",
            "integrity": "sha512-/LXzl1Fd0v9ZVu6ek6uU0z1xeF/QbQlsRCEgYwpTK9J8QUHlZMijuHHxd7TAFXdBKrbRltm9iELyGtd/qkfIMQ==",
            "dependencies": {
                "@quenty/loader": "^5.0.1",
                "@quenty/maid": "^2.4.0"
            },
            "funding": {
                "type": "patreon",
                "url": "https://www.patreon.com/quenty"
            }
        },
        "node_modules/@quenty/basicpane": {
            "version": "6.1.0",
            "resolved": "https://registry.npmjs.org/@quenty/basicpane/-/basicpane-6.1.0.tgz",
            "integrity": "sha512-DeKKdFGm9WE0gzs6MvH/jYfvh1BlDomgtlZ1gE4QvqGRl1eygMA/L0xvxB/JyMt2m7+cRx7JCJqpE4xCjrsgQQ==",
            "dependencies": {
                "@quenty/brio": "^7.1.0",
                "@quenty/loader": "^5.0.1",
                "@quenty/maid": "^2.4.0",
                "@quenty/rx": "^6.1.0",
                "@quenty/signal": "^2.3.0"
            },
            "funding": {
                "type": "patreon",
                "url": "https://www.patreon.com/quenty"
            }
        },
        "node_modules/@quenty/blend": {
            "version": "5.1.0",
            "resolved": "https://registry.npmjs.org/@quenty/blend/-/blend-5.1.0.tgz",
            "integrity": "sha512-s1muZuF6fA2KP0T6au1l8kmjNPTDXyV5X+KszqLshc9RTyOPIHiU+ANd/3ZM+OlCiPzg/T0+L3lO2CA9YmAs0A==",
            "dependencies": {
                "@quenty/acceltween": "^2.2.0",
                "@quenty/brio": "^7.1.0",
                "@quenty/instanceutils": "^6.1.0",
                "@quenty/loader": "^5.0.1",
                "@quenty/maid": "^2.4.0",
                "@quenty/promise": "^5.1.1",
                "@quenty/rx": "^6.1.0",
                "@quenty/signal": "^2.3.0",
                "@quenty/spring": "^5.0.1",
                "@quenty/steputils": "^3.1.0",
                "@quenty/string": "^3.0.0",
                "@quenty/valuebaseutils": "^6.1.0",
                "@quenty/valueobject": "^6.1.0"
            },
            "funding": {
                "type": "patreon",
                "url": "https://www.patreon.com/quenty"
            }
        },
        "node_modules/@quenty/brio": {
            "version": "7.1.0",
            "resolved": "https://registry.npmjs.org/@quenty/brio/-/brio-7.1.0.tgz",
            "integrity": "sha512-MIPVebTrGCdZMh67dcs7e4Ye57CGYfF0f8upDGXmYSvrMjdowgrfk6N3Uwk76VA694NlJP1J4jo5JJ2JHSTAJA==",
            "dependencies": {
                "@quenty/loader": "^5.0.1",
                "@quenty/maid": "^2.4.0",
                "@quenty/rx": "^6.1.0"
            },
            "funding": {
                "type": "patreon",
                "url": "https://www.patreon.com/quenty"
            }
        },
        "node_modules/@quenty/buttonhighlightmodel": {
            "version": "6.1.0",
            "resolved": "https://registry.npmjs.org/@quenty/buttonhighlightmodel/-/buttonhighlightmodel-6.1.0.tgz",
            "integrity": "sha512-h0sxTYisxpxqCNvGAoKX96yMphyJOlJvURb3PIH3q9tXjNu73GJ5yPVrwzPQuccAOf83GSbFh/IKo9cng0l9lA==",
            "dependencies": {
                "@quenty/acceltween": "^2.2.0",
                "@quenty/baseobject": "^5.1.1",
                "@quenty/blend": "^5.1.0",
                "@quenty/loader": "^5.0.1",
                "@quenty/maid": "^2.4.0",
                "@quenty/rx": "^6.1.0",
                "@quenty/steputils": "^3.1.0"
            },
            "funding": {
                "type": "patreon",
                "url": "https://www.patreon.com/quenty"
            }
        },
        "node_modules/@quenty/cancellabledelay": {
            "version": "3.3.0",
            "resolved": "https://registry.npmjs.org/@quenty/cancellabledelay/-/cancellabledelay-3.3.0.tgz",
            "integrity": "sha512-6FE3gEkahKqd58Ozwwo3UgbIt3YW3hYPXO9wQ5wWdJE9htgOfmBGvBsaODfYxpcB5dlhuKZhf1OOwSzCsRMD7g==",
            "funding": {
                "type": "patreon",
                "url": "https://www.patreon.com/quenty"
            }
        },
        "node_modules/@quenty/canceltoken": {
            "version": "5.2.0",
            "resolved": "https://registry.npmjs.org/@quenty/canceltoken/-/canceltoken-5.2.0.tgz",
            "integrity": "sha512-93mxwW3t6UPXCQxv5UVAaSstDsZbEeqmoNZrP+OwV+jZCo2XdNi7bN4Zui3oCyAxPznFKbXYvWbElEcI6ZPORg==",
            "dependencies": {
                "@quenty/loader": "^5.0.1",
                "@quenty/promise": "^5.1.1",
                "@quenty/signal": "^2.3.0"
            },
            "funding": {
                "type": "patreon",
                "url": "https://www.patreon.com/quenty"
            }
        },
        "node_modules/@quenty/deferred": {
            "version": "2.1.0",
            "resolved": "https://registry.npmjs.org/@quenty/deferred/-/deferred-2.1.0.tgz",
            "integrity": "sha512-8EAdnGtdCyDufQ1cA2Nlw6jtU+MS8PeiR4401tddJfOsZmP7SPq/yZ01r67Z7QEiQ1S/EBAHQE9kICkhwapVwA==",
            "funding": {
                "type": "patreon",
                "url": "https://www.patreon.com/quenty"
            }
        },
        "node_modules/@quenty/instanceutils": {
            "version": "6.1.0",
            "resolved": "https://registry.npmjs.org/@quenty/instanceutils/-/instanceutils-6.1.0.tgz",
            "integrity": "sha512-wrvvHuEpU8f2jfbg9p8q2RYxO7X1YuDSjc60R69cNubU40c+dFuay6kx4t3bAISOlMaDVroju1o+3/FfI5Qpmg==",
            "dependencies": {
                "@quenty/brio": "^7.1.0",
                "@quenty/loader": "^5.0.1",
                "@quenty/maid": "^2.4.0",
                "@quenty/rx": "^6.1.0",
                "@quenty/symbol": "^2.1.0"
            },
            "funding": {
                "type": "patreon",
                "url": "https://www.patreon.com/quenty"
            }
        },
        "node_modules/@quenty/loader": {
            "version": "5.0.1",
            "resolved": "https://registry.npmjs.org/@quenty/loader/-/loader-5.0.1.tgz",
            "integrity": "sha512-7BIioiIYTneT6hjxfmNSCpBE1lISveE9LCu9Nloi1zOPjk81G+5QCsJ2r3VC8czMamW7ZVVWB4Soc5FO1xXVLw==",
            "funding": {
                "type": "patreon",
                "url": "https://www.patreon.com/quenty"
            }
        },
        "node_modules/@quenty/maid": {
            "version": "2.4.0",
            "resolved": "https://registry.npmjs.org/@quenty/maid/-/maid-2.4.0.tgz",
            "integrity": "sha512-b8DsrMx0G19K6vknAK6OdIwTwVQnpZdiNU8wefoYb1SUS+GwxKiIEkHy1YB0a8GYuwgFZkKuFqkbD667C7tuXg==",
            "funding": {
                "type": "patreon",
                "url": "https://www.patreon.com/quenty"
            }
        },
        "node_modules/@quenty/math": {
            "version": "2.2.0",
            "resolved": "https://registry.npmjs.org/@quenty/math/-/math-2.2.0.tgz",
            "integrity": "sha512-vIUkNTwpNYoihWYuj6TwFCdzLeV3vbwhEv70ISBHLLMvy2bFLFBK1iPBXSIlVUZi95db1EeroEBhrf5nTAFILw==",
            "funding": {
                "type": "patreon",
                "url": "https://www.patreon.com/quenty"
            }
        },
        "node_modules/@quenty/promise": {
            "version": "5.1.1",
            "resolved": "https://registry.npmjs.org/@quenty/promise/-/promise-5.1.1.tgz",
            "integrity": "sha512-S73KMLtw8L3Q5HSzHatZXCVq0+8mIOOeQvh/T8DQcjBQRYujrgax9whooWbNpRPoG5e1bO4zn7rnNOTJdg7vMQ==",
            "dependencies": {
                "@quenty/deferred": "^2.1.0",
                "@quenty/loader": "^5.0.1",
                "@quenty/maid": "^2.4.0"
            },
            "funding": {
                "type": "patreon",
                "url": "https://www.patreon.com/quenty"
            }
        },
        "node_modules/@quenty/rx": {
            "version": "6.1.0",
            "resolved": "https://registry.npmjs.org/@quenty/rx/-/rx-6.1.0.tgz",
            "integrity": "sha512-xlbNDdu1OLXVl+J7vD9/QTyzCOkcr4ppdP8BnJLsjlDNCXMeaApju1474fkM2L+2bv5WV7hBhanr8ZxO+mizVw==",
            "dependencies": {
                "@quenty/cancellabledelay": "^3.3.0",
                "@quenty/canceltoken": "^5.2.0",
                "@quenty/loader": "^5.0.1",
                "@quenty/maid": "^2.4.0",
                "@quenty/promise": "^5.1.1",
                "@quenty/signal": "^2.3.0",
                "@quenty/symbol": "^2.1.0",
                "@quenty/table": "^3.1.0",
                "@quenty/throttle": "^5.0.1"
            },
            "funding": {
                "type": "patreon",
                "url": "https://www.patreon.com/quenty"
            }
        },
        "node_modules/@quenty/signal": {
            "version": "2.3.0",
            "resolved": "https://registry.npmjs.org/@quenty/signal/-/signal-2.3.0.tgz",
            "integrity": "sha512-WBAr9ix3UpCRKX4GOejW14+OGMgoQKeBBdraQlP6NBSqOwGCweVNtpYZQEPgjIvImLmUtqNELMtLwYeYYmxmTA==",
            "funding": {
                "type": "patreon",
                "url": "https://www.patreon.com/quenty"
            }
        },
        "node_modules/@quenty/spring": {
            "version": "5.0.1",
            "resolved": "https://registry.npmjs.org/@quenty/spring/-/spring-5.0.1.tgz",
            "integrity": "sha512-WdomQUPJbdv1HfKP806viE5qYUmsbAackcjym6SQUVNbcnFrhkhgc990htE0FHYh53G/aEtlcdL5SOyUPzJRsw==",
            "dependencies": {
                "@quenty/loader": "^5.0.1"
            },
            "funding": {
                "type": "patreon",
                "url": "https://www.patreon.com/quenty"
            }
        },
        "node_modules/@quenty/steputils": {
            "version": "3.2.0",
            "resolved": "https://registry.npmjs.org/@quenty/steputils/-/steputils-3.2.0.tgz",
            "integrity": "sha512-HtorpJP63CRoNutfXMIEY5+rA1s0m/fKYWcmRVuqxVj7vhPPxSCL1zsV4sZTZVFHIcVj7sfeeGx7GwvYpT5siQ==",
            "funding": {
                "type": "patreon",
                "url": "https://www.patreon.com/quenty"
            }
        },
        "node_modules/@quenty/string": {
            "version": "3.0.0",
            "resolved": "https://registry.npmjs.org/@quenty/string/-/string-3.0.0.tgz",
            "integrity": "sha512-apHHqRMdn+mOzPmXEWPJqraXajW3NoZUmSnllWBwA3+jNiYHJb6ZdlrIMKpiOU7Ej3W557xUWyQLZY+M9omQPQ==",
            "funding": {
                "type": "patreon",
                "url": "https://www.patreon.com/quenty"
            }
        },
        "node_modules/@quenty/symbol": {
            "version": "2.1.0",
            "resolved": "https://registry.npmjs.org/@quenty/symbol/-/symbol-2.1.0.tgz",
            "integrity": "sha512-ZoMfRTMvvPJhx+/XZQ65EGMo4NhnyznRMLIaTTtFFCmlxHFzumhSo5UkM442LhsNwTJuKG/XmMu92HwGmdBdhw==",
            "funding": {
                "type": "patreon",
                "url": "https://www.patreon.com/quenty"
            }
        },
        "node_modules/@quenty/table": {
            "version": "3.1.0",
            "resolved": "https://registry.npmjs.org/@quenty/table/-/table-3.1.0.tgz",
            "integrity": "sha512-YiyJki32ur2cUBMJ18B/p7MEBEgFXy5Q3ugANZK+Is54HltN6KZP5IGSqELScX30hMkOFYpeFVba93M58cwnPw==",
            "funding": {
                "type": "patreon",
                "url": "https://www.patreon.com/quenty"
            }
        },
        "node_modules/@quenty/throttle": {
            "version": "5.0.1",
            "resolved": "https://registry.npmjs.org/@quenty/throttle/-/throttle-5.0.1.tgz",
            "integrity": "sha512-rutDl6ZdvQHb2vI7KOI8dHv5c3wHs0I1ZQtZMo+mwEBexVrDBWsj15bva2RkonUWY3Dd+uc/bjHggOSenrsLEA==",
            "dependencies": {
                "@quenty/loader": "^5.0.1"
            },
            "funding": {
                "type": "patreon",
                "url": "https://www.patreon.com/quenty"
            }
        },
        "node_modules/@quenty/uiobjectutils": {
            "version": "2.1.0",
            "resolved": "https://registry.npmjs.org/@quenty/uiobjectutils/-/uiobjectutils-2.1.0.tgz",
            "integrity": "sha512-SJdpX+gtkzFA108ER98VHBQ9PUrds9QK4PiDxmqqgl9ogS3pfVdaIuh+DTqqdq+7S1REzY5QOhKdj7zDBHzGdQ==",
            "funding": {
                "type": "patreon",
                "url": "https://www.patreon.com/quenty"
            }
        },
        "node_modules/@quenty/valuebaseutils": {
            "version": "6.1.0",
            "resolved": "https://registry.npmjs.org/@quenty/valuebaseutils/-/valuebaseutils-6.1.0.tgz",
            "integrity": "sha512-3uejW5yn3kFKv6SY3Q9O7kSOAd2oCZ3ulRP2X03l1YLtyrxl9kBLsbtgiE+NkxHsEr3xkeXisNt66fKys2z+gA==",
            "dependencies": {
                "@quenty/brio": "^7.1.0",
                "@quenty/instanceutils": "^6.1.0",
                "@quenty/loader": "^5.0.1",
                "@quenty/promise": "^5.1.1"
            },
            "funding": {
                "type": "patreon",
                "url": "https://www.patreon.com/quenty"
            }
        },
        "node_modules/@quenty/valueobject": {
            "version": "6.1.0",
            "resolved": "https://registry.npmjs.org/@quenty/valueobject/-/valueobject-6.1.0.tgz",
            "integrity": "sha512-6kjJa4SAzBl/Qt+n8wwCepjpEL8tRdKg59RGXQ+z1qCVOGWAGJwAzRllJXLPCgJaIRYQaRkyxfKzqzAPzQ37pA==",
            "dependencies": {
                "@quenty/brio": "^7.1.0",
                "@quenty/loader": "^5.0.1",
                "@quenty/maid": "^2.4.0",
                "@quenty/rx": "^6.1.0",
                "@quenty/signal": "^2.3.0"
            },
            "funding": {
                "type": "patreon",
                "url": "https://www.patreon.com/quenty"
            }
        }
    },
    "dependencies": {
        "@quenty/acceltween": {
            "version": "2.2.1",
            "resolved": "https://registry.npmjs.org/@quenty/acceltween/-/acceltween-2.2.1.tgz",
            "integrity": "sha512-6D9ga9q5XQvx05sPppooHnWuhj9nEp4dWcVPE5bST3iqFi4sDSfCg5Ya00Yvuv+69yu7c7uK08f7Z8yksYbr9A=="
        },
        "@quenty/baseobject": {
            "version": "5.1.1",
            "resolved": "https://registry.npmjs.org/@quenty/baseobject/-/baseobject-5.1.1.tgz",
            "integrity": "sha512-/LXzl1Fd0v9ZVu6ek6uU0z1xeF/QbQlsRCEgYwpTK9J8QUHlZMijuHHxd7TAFXdBKrbRltm9iELyGtd/qkfIMQ==",
            "requires": {
                "@quenty/loader": "^5.0.1",
                "@quenty/maid": "^2.4.0"
            }
        },
        "@quenty/basicpane": {
            "version": "6.1.0",
            "resolved": "https://registry.npmjs.org/@quenty/basicpane/-/basicpane-6.1.0.tgz",
            "integrity": "sha512-DeKKdFGm9WE0gzs6MvH/jYfvh1BlDomgtlZ1gE4QvqGRl1eygMA/L0xvxB/JyMt2m7+cRx7JCJqpE4xCjrsgQQ==",
            "requires": {
                "@quenty/brio": "^7.1.0",
                "@quenty/loader": "^5.0.1",
                "@quenty/maid": "^2.4.0",
                "@quenty/rx": "^6.1.0",
                "@quenty/signal": "^2.3.0"
            }
        },
        "@quenty/blend": {
            "version": "5.1.0",
            "resolved": "https://registry.npmjs.org/@quenty/blend/-/blend-5.1.0.tgz",
            "integrity": "sha512-s1muZuF6fA2KP0T6au1l8kmjNPTDXyV5X+KszqLshc9RTyOPIHiU+ANd/3ZM+OlCiPzg/T0+L3lO2CA9YmAs0A==",
            "requires": {
                "@quenty/acceltween": "^2.2.0",
                "@quenty/brio": "^7.1.0",
                "@quenty/instanceutils": "^6.1.0",
                "@quenty/loader": "^5.0.1",
                "@quenty/maid": "^2.4.0",
                "@quenty/promise": "^5.1.1",
                "@quenty/rx": "^6.1.0",
                "@quenty/signal": "^2.3.0",
                "@quenty/spring": "^5.0.1",
                "@quenty/steputils": "^3.1.0",
                "@quenty/string": "^3.0.0",
                "@quenty/valuebaseutils": "^6.1.0",
                "@quenty/valueobject": "^6.1.0"
            }
        },
        "@quenty/brio": {
            "version": "7.1.0",
            "resolved": "https://registry.npmjs.org/@quenty/brio/-/brio-7.1.0.tgz",
            "integrity": "sha512-MIPVebTrGCdZMh67dcs7e4Ye57CGYfF0f8upDGXmYSvrMjdowgrfk6N3Uwk76VA694NlJP1J4jo5JJ2JHSTAJA==",
            "requires": {
                "@quenty/loader": "^5.0.1",
                "@quenty/maid": "^2.4.0",
                "@quenty/rx": "^6.1.0"
            }
        },
        "@quenty/buttonhighlightmodel": {
            "version": "6.1.0",
            "resolved": "https://registry.npmjs.org/@quenty/buttonhighlightmodel/-/buttonhighlightmodel-6.1.0.tgz",
            "integrity": "sha512-h0sxTYisxpxqCNvGAoKX96yMphyJOlJvURb3PIH3q9tXjNu73GJ5yPVrwzPQuccAOf83GSbFh/IKo9cng0l9lA==",
            "requires": {
                "@quenty/acceltween": "^2.2.0",
                "@quenty/baseobject": "^5.1.1",
                "@quenty/blend": "^5.1.0",
                "@quenty/loader": "^5.0.1",
                "@quenty/maid": "^2.4.0",
                "@quenty/rx": "^6.1.0",
                "@quenty/steputils": "^3.1.0"
            }
        },
        "@quenty/cancellabledelay": {
            "version": "3.3.0",
            "resolved": "https://registry.npmjs.org/@quenty/cancellabledelay/-/cancellabledelay-3.3.0.tgz",
            "integrity": "sha512-6FE3gEkahKqd58Ozwwo3UgbIt3YW3hYPXO9wQ5wWdJE9htgOfmBGvBsaODfYxpcB5dlhuKZhf1OOwSzCsRMD7g=="
        },
        "@quenty/canceltoken": {
            "version": "5.2.0",
            "resolved": "https://registry.npmjs.org/@quenty/canceltoken/-/canceltoken-5.2.0.tgz",
            "integrity": "sha512-93mxwW3t6UPXCQxv5UVAaSstDsZbEeqmoNZrP+OwV+jZCo2XdNi7bN4Zui3oCyAxPznFKbXYvWbElEcI6ZPORg==",
            "requires": {
                "@quenty/loader": "^5.0.1",
                "@quenty/promise": "^5.1.1",
                "@quenty/signal": "^2.3.0"
            }
        },
        "@quenty/deferred": {
            "version": "2.1.0",
            "resolved": "https://registry.npmjs.org/@quenty/deferred/-/deferred-2.1.0.tgz",
            "integrity": "sha512-8EAdnGtdCyDufQ1cA2Nlw6jtU+MS8PeiR4401tddJfOsZmP7SPq/yZ01r67Z7QEiQ1S/EBAHQE9kICkhwapVwA=="
        },
        "@quenty/instanceutils": {
            "version": "6.1.0",
            "resolved": "https://registry.npmjs.org/@quenty/instanceutils/-/instanceutils-6.1.0.tgz",
            "integrity": "sha512-wrvvHuEpU8f2jfbg9p8q2RYxO7X1YuDSjc60R69cNubU40c+dFuay6kx4t3bAISOlMaDVroju1o+3/FfI5Qpmg==",
            "requires": {
                "@quenty/brio": "^7.1.0",
                "@quenty/loader": "^5.0.1",
                "@quenty/maid": "^2.4.0",
                "@quenty/rx": "^6.1.0",
                "@quenty/symbol": "^2.1.0"
            }
        },
        "@quenty/loader": {
            "version": "5.0.1",
            "resolved": "https://registry.npmjs.org/@quenty/loader/-/loader-5.0.1.tgz",
            "integrity": "sha512-7BIioiIYTneT6hjxfmNSCpBE1lISveE9LCu9Nloi1zOPjk81G+5QCsJ2r3VC8czMamW7ZVVWB4Soc5FO1xXVLw=="
        },
        "@quenty/maid": {
            "version": "2.4.0",
            "resolved": "https://registry.npmjs.org/@quenty/maid/-/maid-2.4.0.tgz",
            "integrity": "sha512-b8DsrMx0G19K6vknAK6OdIwTwVQnpZdiNU8wefoYb1SUS+GwxKiIEkHy1YB0a8GYuwgFZkKuFqkbD667C7tuXg=="
        },
        "@quenty/math": {
            "version": "2.2.0",
            "resolved": "https://registry.npmjs.org/@quenty/math/-/math-2.2.0.tgz",
            "integrity": "sha512-vIUkNTwpNYoihWYuj6TwFCdzLeV3vbwhEv70ISBHLLMvy2bFLFBK1iPBXSIlVUZi95db1EeroEBhrf5nTAFILw=="
        },
        "@quenty/promise": {
            "version": "5.1.1",
            "resolved": "https://registry.npmjs.org/@quenty/promise/-/promise-5.1.1.tgz",
            "integrity": "sha512-S73KMLtw8L3Q5HSzHatZXCVq0+8mIOOeQvh/T8DQcjBQRYujrgax9whooWbNpRPoG5e1bO4zn7rnNOTJdg7vMQ==",
            "requires": {
                "@quenty/deferred": "^2.1.0",
                "@quenty/loader": "^5.0.1",
                "@quenty/maid": "^2.4.0"
            }
        },
        "@quenty/rx": {
            "version": "6.1.0",
            "resolved": "https://registry.npmjs.org/@quenty/rx/-/rx-6.1.0.tgz",
            "integrity": "sha512-xlbNDdu1OLXVl+J7vD9/QTyzCOkcr4ppdP8BnJLsjlDNCXMeaApju1474fkM2L+2bv5WV7hBhanr8ZxO+mizVw==",
            "requires": {
                "@quenty/cancellabledelay": "^3.3.0",
                "@quenty/canceltoken": "^5.2.0",
                "@quenty/loader": "^5.0.1",
                "@quenty/maid": "^2.4.0",
                "@quenty/promise": "^5.1.1",
                "@quenty/signal": "^2.3.0",
                "@quenty/symbol": "^2.1.0",
                "@quenty/table": "^3.1.0",
                "@quenty/throttle": "^5.0.1"
            }
        },
        "@quenty/signal": {
            "version": "2.3.0",
            "resolved": "https://registry.npmjs.org/@quenty/signal/-/signal-2.3.0.tgz",
            "integrity": "sha512-WBAr9ix3UpCRKX4GOejW14+OGMgoQKeBBdraQlP6NBSqOwGCweVNtpYZQEPgjIvImLmUtqNELMtLwYeYYmxmTA=="
        },
        "@quenty/spring": {
            "version": "5.0.1",
            "resolved": "https://registry.npmjs.org/@quenty/spring/-/spring-5.0.1.tgz",
            "integrity": "sha512-WdomQUPJbdv1HfKP806viE5qYUmsbAackcjym6SQUVNbcnFrhkhgc990htE0FHYh53G/aEtlcdL5SOyUPzJRsw==",
            "requires": {
                "@quenty/loader": "^5.0.1"
            }
        },
        "@quenty/steputils": {
            "version": "3.2.0",
            "resolved": "https://registry.npmjs.org/@quenty/steputils/-/steputils-3.2.0.tgz",
            "integrity": "sha512-HtorpJP63CRoNutfXMIEY5+rA1s0m/fKYWcmRVuqxVj7vhPPxSCL1zsV4sZTZVFHIcVj7sfeeGx7GwvYpT5siQ=="
        },
        "@quenty/string": {
            "version": "3.0.0",
            "resolved": "https://registry.npmjs.org/@quenty/string/-/string-3.0.0.tgz",
            "integrity": "sha512-apHHqRMdn+mOzPmXEWPJqraXajW3NoZUmSnllWBwA3+jNiYHJb6ZdlrIMKpiOU7Ej3W557xUWyQLZY+M9omQPQ=="
        },
        "@quenty/symbol": {
            "version": "2.1.0",
            "resolved": "https://registry.npmjs.org/@quenty/symbol/-/symbol-2.1.0.tgz",
            "integrity": "sha512-ZoMfRTMvvPJhx+/XZQ65EGMo4NhnyznRMLIaTTtFFCmlxHFzumhSo5UkM442LhsNwTJuKG/XmMu92HwGmdBdhw=="
        },
        "@quenty/table": {
            "version": "3.1.0",
            "resolved": "https://registry.npmjs.org/@quenty/table/-/table-3.1.0.tgz",
            "integrity": "sha512-YiyJki32ur2cUBMJ18B/p7MEBEgFXy5Q3ugANZK+Is54HltN6KZP5IGSqELScX30hMkOFYpeFVba93M58cwnPw=="
        },
        "@quenty/throttle": {
            "version": "5.0.1",
            "resolved": "https://registry.npmjs.org/@quenty/throttle/-/throttle-5.0.1.tgz",
            "integrity": "sha512-rutDl6ZdvQHb2vI7KOI8dHv5c3wHs0I1ZQtZMo+mwEBexVrDBWsj15bva2RkonUWY3Dd+uc/bjHggOSenrsLEA==",
            "requires": {
                "@quenty/loader": "^5.0.1"
            }
        },
        "@quenty/uiobjectutils": {
            "version": "2.1.0",
            "resolved": "https://registry.npmjs.org/@quenty/uiobjectutils/-/uiobjectutils-2.1.0.tgz",
            "integrity": "sha512-SJdpX+gtkzFA108ER98VHBQ9PUrds9QK4PiDxmqqgl9ogS3pfVdaIuh+DTqqdq+7S1REzY5QOhKdj7zDBHzGdQ=="
        },
        "@quenty/valuebaseutils": {
            "version": "6.1.0",
            "resolved": "https://registry.npmjs.org/@quenty/valuebaseutils/-/valuebaseutils-6.1.0.tgz",
            "integrity": "sha512-3uejW5yn3kFKv6SY3Q9O7kSOAd2oCZ3ulRP2X03l1YLtyrxl9kBLsbtgiE+NkxHsEr3xkeXisNt66fKys2z+gA==",
            "requires": {
                "@quenty/brio": "^7.1.0",
                "@quenty/instanceutils": "^6.1.0",
                "@quenty/loader": "^5.0.1",
                "@quenty/promise": "^5.1.1"
            }
        },
        "@quenty/valueobject": {
            "version": "6.1.0",
            "resolved": "https://registry.npmjs.org/@quenty/valueobject/-/valueobject-6.1.0.tgz",
            "integrity": "sha512-6kjJa4SAzBl/Qt+n8wwCepjpEL8tRdKg59RGXQ+z1qCVOGWAGJwAzRllJXLPCgJaIRYQaRkyxfKzqzAPzQ37pA==",
            "requires": {
                "@quenty/brio": "^7.1.0",
                "@quenty/loader": "^5.0.1",
                "@quenty/maid": "^2.4.0",
                "@quenty/rx": "^6.1.0",
                "@quenty/signal": "^2.3.0"
            }
        }
    }
}
